{
  "name": "frontend",
  "version": "0.0.0",
  "lockfileVersion": 2,
  "requires": true,
  "packages": {
    "": {
      "name": "frontend",
      "version": "0.0.0",
      "dependencies": {
        "vue": "^3.3.2",
        "vue-router": "^4.2.0"
      },
      "devDependencies": {
        "@vitejs/plugin-vue": "^4.2.3",
        "vite": "^4.3.5"
      }
    },
    "node_modules/@babel/parser": {
      "version": "7.21.8",
      "resolved": "https://globaldevtools.bbva.com/artifactory/api/npm/gcp-global-npm-repository/@babel/parser/-/parser-7.21.8.tgz",
      "integrity": "sha1-ZCr30DM+q5wK1wsUrF522957/fg=",
      "license": "MIT",
      "bin": {
        "parser": "bin/babel-parser.js"
      },
      "engines": {
        "node": ">=6.0.0"
      }
    },
    "node_modules/@esbuild/android-arm": {
      "version": "0.17.19",
      "resolved": "https://globaldevtools.bbva.com/artifactory/api/npm/gcp-global-npm-repository/@esbuild/android-arm/-/android-arm-0.17.19.tgz",
      "integrity": "sha1-WJj3gywimLx9CrU3AcV763TXi00=",
      "cpu": [
        "arm"
      ],
      "dev": true,
      "license": "MIT",
      "optional": true,
      "os": [
        "android"
      ],
      "engines": {
        "node": ">=12"
      }
    },
    "node_modules/@esbuild/android-arm64": {
      "version": "0.17.19",
      "resolved": "https://globaldevtools.bbva.com/artifactory/api/npm/gcp-global-npm-repository/@esbuild/android-arm64/-/android-arm64-0.17.19.tgz",
      "integrity": "sha1-uvt1I0pdPRtpDnwpVqWZNF6Eov0=",
      "cpu": [
        "arm64"
      ],
      "dev": true,
      "license": "MIT",
      "optional": true,
      "os": [
        "android"
      ],
      "engines": {
        "node": ">=12"
      }
    },
    "node_modules/@esbuild/android-x64": {
      "version": "0.17.19",
      "resolved": "https://globaldevtools.bbva.com/artifactory/api/npm/gcp-global-npm-repository/@esbuild/android-x64/-/android-x64-0.17.19.tgz",
      "integrity": "sha1-ZYNo75IGeGbZX7JocZ+Y82PROuE=",
      "cpu": [
        "x64"
      ],
      "dev": true,
      "license": "MIT",
      "optional": true,
      "os": [
        "android"
      ],
      "engines": {
        "node": ">=12"
      }
    },
    "node_modules/@esbuild/darwin-arm64": {
      "version": "0.17.19",
      "resolved": "https://globaldevtools.bbva.com/artifactory/api/npm/gcp-global-npm-repository/@esbuild/darwin-arm64/-/darwin-arm64-0.17.19.tgz",
      "integrity": "sha1-WEw0xZkbldTUjTMzALGk4v974nY=",
      "cpu": [
        "arm64"
      ],
      "dev": true,
      "license": "MIT",
      "optional": true,
      "os": [
        "darwin"
      ],
      "engines": {
        "node": ">=12"
      }
    },
    "node_modules/@esbuild/darwin-x64": {
      "version": "0.17.19",
      "resolved": "https://globaldevtools.bbva.com/artifactory/api/npm/gcp-global-npm-repository/@esbuild/darwin-x64/-/darwin-x64-0.17.19.tgz",
      "integrity": "sha1-d1HSNt/mzhNszjQ9zmn1LXa39ss=",
      "cpu": [
        "x64"
      ],
      "dev": true,
      "license": "MIT",
      "optional": true,
      "os": [
        "darwin"
      ],
      "engines": {
        "node": ">=12"
      }
    },
    "node_modules/@esbuild/freebsd-arm64": {
      "version": "0.17.19",
      "resolved": "https://globaldevtools.bbva.com/artifactory/api/npm/gcp-global-npm-repository/@esbuild/freebsd-arm64/-/freebsd-arm64-0.17.19.tgz",
      "integrity": "sha1-ys0XFmXdHVAPRcFn1QxrflOdX9I=",
      "cpu": [
        "arm64"
      ],
      "dev": true,
      "license": "MIT",
      "optional": true,
      "os": [
        "freebsd"
      ],
      "engines": {
        "node": ">=12"
      }
    },
    "node_modules/@esbuild/freebsd-x64": {
      "version": "0.17.19",
      "resolved": "https://globaldevtools.bbva.com/artifactory/api/npm/gcp-global-npm-repository/@esbuild/freebsd-x64/-/freebsd-x64-0.17.19.tgz",
      "integrity": "sha1-B2lFbu4qCLjZJdfAC3noYcsxYuQ=",
      "cpu": [
        "x64"
      ],
      "dev": true,
      "license": "MIT",
      "optional": true,
      "os": [
        "freebsd"
      ],
      "engines": {
        "node": ">=12"
      }
    },
    "node_modules/@esbuild/linux-arm": {
      "version": "0.17.19",
      "resolved": "https://globaldevtools.bbva.com/artifactory/api/npm/gcp-global-npm-repository/@esbuild/linux-arm/-/linux-arm-0.17.19.tgz",
      "integrity": "sha1-GizTmcUAQBhKgFF0ptiQl9nRVZo=",
      "cpu": [
        "arm"
      ],
      "dev": true,
      "license": "MIT",
      "optional": true,
      "os": [
        "linux"
      ],
      "engines": {
        "node": ">=12"
      }
    },
    "node_modules/@esbuild/linux-arm64": {
      "version": "0.17.19",
      "resolved": "https://globaldevtools.bbva.com/artifactory/api/npm/gcp-global-npm-repository/@esbuild/linux-arm64/-/linux-arm64-0.17.19.tgz",
      "integrity": "sha1-OOFi7Lcjhixr4cJ9Y4n0iWC2jts=",
      "cpu": [
        "arm64"
      ],
      "dev": true,
      "license": "MIT",
      "optional": true,
      "os": [
        "linux"
      ],
      "engines": {
        "node": ">=12"
      }
    },
    "node_modules/@esbuild/linux-ia32": {
      "version": "0.17.19",
      "resolved": "https://globaldevtools.bbva.com/artifactory/api/npm/gcp-global-npm-repository/@esbuild/linux-ia32/-/linux-ia32-0.17.19.tgz",
      "integrity": "sha1-4owlJmsDbOHKvKPDAVUiKEHcA1o=",
      "cpu": [
        "ia32"
      ],
      "dev": true,
      "license": "MIT",
      "optional": true,
      "os": [
        "linux"
      ],
      "engines": {
        "node": ">=12"
      }
    },
    "node_modules/@esbuild/linux-loong64": {
      "version": "0.17.19",
      "resolved": "https://globaldevtools.bbva.com/artifactory/api/npm/gcp-global-npm-repository/@esbuild/linux-loong64/-/linux-loong64-0.17.19.tgz",
      "integrity": "sha1-D4h7i7P5BljRoBFyg+VdvUydz3I=",
      "cpu": [
        "loong64"
      ],
      "dev": true,
      "license": "MIT",
      "optional": true,
      "os": [
        "linux"
      ],
      "engines": {
        "node": ">=12"
      }
    },
    "node_modules/@esbuild/linux-mips64el": {
      "version": "0.17.19",
      "resolved": "https://globaldevtools.bbva.com/artifactory/api/npm/gcp-global-npm-repository/@esbuild/linux-mips64el/-/linux-mips64el-0.17.19.tgz",
      "integrity": "sha1-9dKguAR+qaXZ9ZKheOoFQFOnAok=",
      "cpu": [
        "mips64el"
      ],
      "dev": true,
      "license": "MIT",
      "optional": true,
      "os": [
        "linux"
      ],
      "engines": {
        "node": ">=12"
      }
    },
    "node_modules/@esbuild/linux-ppc64": {
      "version": "0.17.19",
      "resolved": "https://globaldevtools.bbva.com/artifactory/api/npm/gcp-global-npm-repository/@esbuild/linux-ppc64/-/linux-ppc64-0.17.19.tgz",
      "integrity": "sha1-h2WQ46y9n6f1eix9hvg3F9u6yMc=",
      "cpu": [
        "ppc64"
      ],
      "dev": true,
      "license": "MIT",
      "optional": true,
      "os": [
        "linux"
      ],
      "engines": {
        "node": ">=12"
      }
    },
    "node_modules/@esbuild/linux-riscv64": {
      "version": "0.17.19",
      "resolved": "https://globaldevtools.bbva.com/artifactory/api/npm/gcp-global-npm-repository/@esbuild/linux-riscv64/-/linux-riscv64-0.17.19.tgz",
      "integrity": "sha1-f0k3PfRjzZ9B3DT5siYtdxaIvwk=",
      "cpu": [
        "riscv64"
      ],
      "dev": true,
      "license": "MIT",
      "optional": true,
      "os": [
        "linux"
      ],
      "engines": {
        "node": ">=12"
      }
    },
    "node_modules/@esbuild/linux-s390x": {
      "version": "0.17.19",
      "resolved": "https://globaldevtools.bbva.com/artifactory/api/npm/gcp-global-npm-repository/@esbuild/linux-s390x/-/linux-s390x-0.17.19.tgz",
      "integrity": "sha1-4q/Rr8r2Ov4sfZzqzSjsV8d/iCk=",
      "cpu": [
        "s390x"
      ],
      "dev": true,
      "license": "MIT",
      "optional": true,
      "os": [
        "linux"
      ],
      "engines": {
        "node": ">=12"
      }
    },
    "node_modules/@esbuild/linux-x64": {
      "version": "0.17.19",
      "resolved": "https://globaldevtools.bbva.com/artifactory/api/npm/gcp-global-npm-repository/@esbuild/linux-x64/-/linux-x64-0.17.19.tgz",
      "integrity": "sha1-ig6XOLFjXwxTOJ5RWug4Jt7CKqQ=",
      "cpu": [
        "x64"
      ],
      "dev": true,
      "license": "MIT",
      "optional": true,
      "os": [
        "linux"
      ],
      "engines": {
        "node": ">=12"
      }
    },
    "node_modules/@esbuild/netbsd-x64": {
      "version": "0.17.19",
      "resolved": "https://globaldevtools.bbva.com/artifactory/api/npm/gcp-global-npm-repository/@esbuild/netbsd-x64/-/netbsd-x64-0.17.19.tgz",
      "integrity": "sha1-wp+yRTxrfd75o14sGLN72hrlxGI=",
      "cpu": [
        "x64"
      ],
      "dev": true,
      "license": "MIT",
      "optional": true,
      "os": [
        "netbsd"
      ],
      "engines": {
        "node": ">=12"
      }
    },
    "node_modules/@esbuild/openbsd-x64": {
      "version": "0.17.19",
      "resolved": "https://globaldevtools.bbva.com/artifactory/api/npm/gcp-global-npm-repository/@esbuild/openbsd-x64/-/openbsd-x64-0.17.19.tgz",
      "integrity": "sha1-ledaORQDyxApcoDVJNZs4EySBpE=",
      "cpu": [
        "x64"
      ],
      "dev": true,
      "license": "MIT",
      "optional": true,
      "os": [
        "openbsd"
      ],
      "engines": {
        "node": ">=12"
      }
    },
    "node_modules/@esbuild/sunos-x64": {
      "version": "0.17.19",
      "resolved": "https://globaldevtools.bbva.com/artifactory/api/npm/gcp-global-npm-repository/@esbuild/sunos-x64/-/sunos-x64-0.17.19.tgz",
      "integrity": "sha1-ci6vBXuDwldZN9P/5a6xZUDacnM=",
      "cpu": [
        "x64"
      ],
      "dev": true,
      "license": "MIT",
      "optional": true,
      "os": [
        "sunos"
      ],
      "engines": {
        "node": ">=12"
      }
    },
    "node_modules/@esbuild/win32-arm64": {
      "version": "0.17.19",
      "resolved": "https://globaldevtools.bbva.com/artifactory/api/npm/gcp-global-npm-repository/@esbuild/win32-arm64/-/win32-arm64-0.17.19.tgz",
      "integrity": "sha1-mqncB0OZKIvc3Sg0Q+mutrlVK28=",
      "cpu": [
        "arm64"
      ],
      "dev": true,
      "license": "MIT",
      "optional": true,
      "os": [
        "win32"
      ],
      "engines": {
        "node": ">=12"
      }
    },
    "node_modules/@esbuild/win32-ia32": {
      "version": "0.17.19",
      "resolved": "https://globaldevtools.bbva.com/artifactory/api/npm/gcp-global-npm-repository/@esbuild/win32-ia32/-/win32-ia32-0.17.19.tgz",
      "integrity": "sha1-la1DxirWJIXiEPYpnHslceSNKwM=",
      "cpu": [
        "ia32"
      ],
      "dev": true,
      "license": "MIT",
      "optional": true,
      "os": [
        "win32"
      ],
      "engines": {
        "node": ">=12"
      }
    },
    "node_modules/@esbuild/win32-x64": {
      "version": "0.17.19",
      "resolved": "https://globaldevtools.bbva.com/artifactory/api/npm/gcp-global-npm-repository/@esbuild/win32-x64/-/win32-x64-0.17.19.tgz",
      "integrity": "sha1-jPry/2A+mqu5EOnAVYwmzzJ0QGE=",
      "cpu": [
        "x64"
      ],
      "dev": true,
      "license": "MIT",
      "optional": true,
      "os": [
        "win32"
      ],
      "engines": {
        "node": ">=12"
      }
    },
    "node_modules/@jridgewell/sourcemap-codec": {
      "version": "1.4.15",
      "resolved": "https://globaldevtools.bbva.com/artifactory/api/npm/gcp-global-npm-repository/@jridgewell/sourcemap-codec/-/sourcemap-codec-1.4.15.tgz",
      "integrity": "sha1-18bmdVx4VnqVHgSrUu8P0m3lnzI=",
      "license": "MIT"
    },
    "node_modules/@vitejs/plugin-vue": {
      "version": "4.2.3",
      "resolved": "https://globaldevtools.bbva.com/artifactory/api/npm/gcp-global-npm-repository/@vitejs/plugin-vue/-/plugin-vue-4.2.3.tgz",
      "integrity": "sha1-7gtt/MYv5lNk5jlb84+iuhC7RLY=",
      "dev": true,
      "license": "MIT",
      "engines": {
        "node": "^14.18.0 || >=16.0.0"
      },
      "peerDependencies": {
        "vite": "^4.0.0",
        "vue": "^3.2.25"
      }
    },
    "node_modules/@vue/compiler-core": {
      "version": "3.3.4",
      "resolved": "https://globaldevtools.bbva.com/artifactory/api/npm/gcp-global-npm-repository/@vue/compiler-core/-/compiler-core-3.3.4.tgz",
      "integrity": "sha1-f79ZHBwZ4azSj/0oRSbpi09YESg=",
      "license": "MIT",
      "dependencies": {
        "@babel/parser": "^7.21.3",
        "@vue/shared": "3.3.4",
        "estree-walker": "^2.0.2",
        "source-map-js": "^1.0.2"
      }
    },
    "node_modules/@vue/compiler-dom": {
      "version": "3.3.4",
      "resolved": "https://globaldevtools.bbva.com/artifactory/api/npm/gcp-global-npm-repository/@vue/compiler-dom/-/compiler-dom-3.3.4.tgz",
      "integrity": "sha1-9W4JtfTX3DUPmBeE3pcT2CM0EVE=",
      "license": "MIT",
      "dependencies": {
        "@vue/compiler-core": "3.3.4",
        "@vue/shared": "3.3.4"
      }
    },
    "node_modules/@vue/compiler-sfc": {
      "version": "3.3.4",
      "resolved": "https://globaldevtools.bbva.com/artifactory/api/npm/gcp-global-npm-repository/@vue/compiler-sfc/-/compiler-sfc-3.3.4.tgz",
      "integrity": "sha1-sZ2ULHGTiJNTW0YibWAnIFkwAd8=",
      "license": "MIT",
      "dependencies": {
        "@babel/parser": "^7.20.15",
        "@vue/compiler-core": "3.3.4",
        "@vue/compiler-dom": "3.3.4",
        "@vue/compiler-ssr": "3.3.4",
        "@vue/reactivity-transform": "3.3.4",
        "@vue/shared": "3.3.4",
        "estree-walker": "^2.0.2",
        "magic-string": "^0.30.0",
        "postcss": "^8.1.10",
        "source-map-js": "^1.0.2"
      }
    },
    "node_modules/@vue/compiler-ssr": {
      "version": "3.3.4",
      "resolved": "https://globaldevtools.bbva.com/artifactory/api/npm/gcp-global-npm-repository/@vue/compiler-ssr/-/compiler-ssr-3.3.4.tgz",
      "integrity": "sha1-nRN5q/+k8rDNhEF0zuxKlyETh3c=",
      "license": "MIT",
      "dependencies": {
        "@vue/compiler-dom": "3.3.4",
        "@vue/shared": "3.3.4"
      }
    },
    "node_modules/@vue/devtools-api": {
      "version": "6.5.0",
      "resolved": "https://globaldevtools.bbva.com/artifactory/api/npm/gcp-global-npm-repository/@vue/devtools-api/-/devtools-api-6.5.0.tgz",
      "integrity": "sha1-mLmUJe3ucLTJkmkmKPoeosHlfQc=",
      "license": "MIT"
    },
    "node_modules/@vue/reactivity": {
      "version": "3.3.4",
      "resolved": "https://globaldevtools.bbva.com/artifactory/api/npm/gcp-global-npm-repository/@vue/reactivity/-/reactivity-3.3.4.tgz",
      "integrity": "sha1-onopxs0X+rpaDpn7uG7pUWU+IlM=",
      "license": "MIT",
      "dependencies": {
        "@vue/shared": "3.3.4"
      }
    },
    "node_modules/@vue/reactivity-transform": {
      "version": "3.3.4",
      "resolved": "https://globaldevtools.bbva.com/artifactory/api/npm/gcp-global-npm-repository/@vue/reactivity-transform/-/reactivity-transform-3.3.4.tgz",
      "integrity": "sha1-UpCEduNNamXGwhzSci1B7YrlGSk=",
      "license": "MIT",
      "dependencies": {
        "@babel/parser": "^7.20.15",
        "@vue/compiler-core": "3.3.4",
        "@vue/shared": "3.3.4",
        "estree-walker": "^2.0.2",
        "magic-string": "^0.30.0"
      }
    },
    "node_modules/@vue/runtime-core": {
      "version": "3.3.4",
      "resolved": "https://globaldevtools.bbva.com/artifactory/api/npm/gcp-global-npm-repository/@vue/runtime-core/-/runtime-core-3.3.4.tgz",
      "integrity": "sha1-S7M4cru1g3IbNA8wiIiDlBlZZ9E=",
      "license": "MIT",
      "dependencies": {
        "@vue/reactivity": "3.3.4",
        "@vue/shared": "3.3.4"
      }
    },
    "node_modules/@vue/runtime-dom": {
      "version": "3.3.4",
      "resolved": "https://globaldevtools.bbva.com/artifactory/api/npm/gcp-global-npm-repository/@vue/runtime-dom/-/runtime-dom-3.3.4.tgz",
      "integrity": "sha1-mS8ledDtbOlh9Hu+m/5LZ5ElFWY=",
      "license": "MIT",
      "dependencies": {
        "@vue/runtime-core": "3.3.4",
        "@vue/shared": "3.3.4",
        "csstype": "^3.1.1"
      }
    },
    "node_modules/@vue/server-renderer": {
      "version": "3.3.4",
      "resolved": "https://globaldevtools.bbva.com/artifactory/api/npm/gcp-global-npm-repository/@vue/server-renderer/-/server-renderer-3.3.4.tgz",
      "integrity": "sha1-6kZZS3ldFTbym8WS3Q9mVffqTEw=",
      "license": "MIT",
      "dependencies": {
        "@vue/compiler-ssr": "3.3.4",
        "@vue/shared": "3.3.4"
      },
      "peerDependencies": {
        "vue": "3.3.4"
      }
    },
    "node_modules/@vue/shared": {
      "version": "3.3.4",
      "resolved": "https://globaldevtools.bbva.com/artifactory/api/npm/gcp-global-npm-repository/@vue/shared/-/shared-3.3.4.tgz",
      "integrity": "sha1-Bug8UCf0ZO74YcMpvoFFS8i3B4A=",
      "license": "MIT"
    },
    "node_modules/csstype": {
      "version": "3.1.2",
      "resolved": "https://globaldevtools.bbva.com/artifactory/api/npm/gcp-global-npm-repository/csstype/-/csstype-3.1.2.tgz",
      "integrity": "sha1-HUv51XLxHBQDHwQ24cELwfVx9Qs=",
      "license": "MIT"
    },
    "node_modules/esbuild": {
      "version": "0.17.19",
      "resolved": "https://globaldevtools.bbva.com/artifactory/api/npm/gcp-global-npm-repository/esbuild/-/esbuild-0.17.19.tgz",
      "integrity": "sha1-CHpyfpgpnwRio9C83ZzX/xAL2VU=",
      "dev": true,
      "hasInstallScript": true,
      "license": "MIT",
      "bin": {
        "esbuild": "bin/esbuild"
      },
      "engines": {
        "node": ">=12"
      },
      "optionalDependencies": {
        "@esbuild/android-arm": "0.17.19",
        "@esbuild/android-arm64": "0.17.19",
        "@esbuild/android-x64": "0.17.19",
        "@esbuild/darwin-arm64": "0.17.19",
        "@esbuild/darwin-x64": "0.17.19",
        "@esbuild/freebsd-arm64": "0.17.19",
        "@esbuild/freebsd-x64": "0.17.19",
        "@esbuild/linux-arm": "0.17.19",
        "@esbuild/linux-arm64": "0.17.19",
        "@esbuild/linux-ia32": "0.17.19",
        "@esbuild/linux-loong64": "0.17.19",
        "@esbuild/linux-mips64el": "0.17.19",
        "@esbuild/linux-ppc64": "0.17.19",
        "@esbuild/linux-riscv64": "0.17.19",
        "@esbuild/linux-s390x": "0.17.19",
        "@esbuild/linux-x64": "0.17.19",
        "@esbuild/netbsd-x64": "0.17.19",
        "@esbuild/openbsd-x64": "0.17.19",
        "@esbuild/sunos-x64": "0.17.19",
        "@esbuild/win32-arm64": "0.17.19",
        "@esbuild/win32-ia32": "0.17.19",
        "@esbuild/win32-x64": "0.17.19"
      }
    },
    "node_modules/estree-walker": {
      "version": "2.0.2",
      "resolved": "https://globaldevtools.bbva.com/artifactory/api/npm/gcp-global-npm-repository/estree-walker/-/estree-walker-2.0.2.tgz",
      "integrity": "sha1-UvAQF4wqTBF6d1fP6UKtt9LaTKw=",
      "license": "MIT"
    },
    "node_modules/fsevents": {
      "version": "2.3.2",
      "resolved": "https://globaldevtools.bbva.com/artifactory/api/npm/gcp-global-npm-repository/fsevents/-/fsevents-2.3.2.tgz",
      "integrity": "sha1-ilJveLj99GI7cJ4Ll1xSwkwC/Ro=",
      "dev": true,
      "hasInstallScript": true,
      "license": "MIT",
      "optional": true,
      "os": [
        "darwin"
      ],
      "engines": {
        "node": "^8.16.0 || ^10.6.0 || >=11.0.0"
      }
    },
    "node_modules/magic-string": {
      "version": "0.30.0",
      "resolved": "https://globaldevtools.bbva.com/artifactory/api/npm/gcp-global-npm-repository/magic-string/-/magic-string-0.30.0.tgz",
      "integrity": "sha1-/VikdIxcRUczikJOkPpd0X9N5Sk=",
      "license": "MIT",
      "dependencies": {
        "@jridgewell/sourcemap-codec": "^1.4.13"
      },
      "engines": {
        "node": ">=12"
      }
    },
    "node_modules/nanoid": {
      "version": "3.3.6",
      "resolved": "https://globaldevtools.bbva.com/artifactory/api/npm/gcp-global-npm-repository/nanoid/-/nanoid-3.3.6.tgz",
      "integrity": "sha1-RDOAyFbW6fmCQmfZYLQjatWD6kw=",
      "funding": [
        {
          "type": "github",
          "url": "https://github.com/sponsors/ai"
        }
      ],
      "license": "MIT",
      "bin": {
        "nanoid": "bin/nanoid.cjs"
      },
      "engines": {
        "node": "^10 || ^12 || ^13.7 || ^14 || >=15.0.1"
      }
    },
    "node_modules/picocolors": {
      "version": "1.0.0",
      "resolved": "https://globaldevtools.bbva.com/artifactory/api/npm/gcp-global-npm-repository/picocolors/-/picocolors-1.0.0.tgz",
      "integrity": "sha1-y1vcdP8/UYkiNur3nWi8RFZKuBw=",
      "license": "ISC"
    },
    "node_modules/postcss": {
      "version": "8.4.23",
      "resolved": "https://globaldevtools.bbva.com/artifactory/api/npm/gcp-global-npm-repository/postcss/-/postcss-8.4.23.tgz",
      "integrity": "sha1-3wrumsfF5T4QdcJKNhNJb55lUqs=",
      "funding": [
        {
          "type": "opencollective",
          "url": "https://opencollective.com/postcss/"
        },
        {
          "type": "tidelift",
          "url": "https://tidelift.com/funding/github/npm/postcss"
        },
        {
          "type": "github",
          "url": "https://github.com/sponsors/ai"
        }
      ],
      "license": "MIT",
      "dependencies": {
        "nanoid": "^3.3.6",
        "picocolors": "^1.0.0",
        "source-map-js": "^1.0.2"
      },
      "engines": {
        "node": "^10 || ^12 || >=14"
      }
    },
    "node_modules/rollup": {
      "version": "3.22.0",
      "resolved": "https://globaldevtools.bbva.com/artifactory/api/npm/gcp-global-npm-repository/rollup/-/rollup-3.22.0.tgz",
      "integrity": "sha1-5mcbrr3UcxVKx5mLvFf6q817uiA=",
      "dev": true,
      "license": "MIT",
      "bin": {
        "rollup": "dist/bin/rollup"
      },
      "engines": {
        "node": ">=14.18.0",
        "npm": ">=8.0.0"
      },
      "optionalDependencies": {
        "fsevents": "~2.3.2"
      }
    },
    "node_modules/source-map-js": {
      "version": "1.0.2",
      "resolved": "https://globaldevtools.bbva.com/artifactory/api/npm/gcp-global-npm-repository/source-map-js/-/source-map-js-1.0.2.tgz",
      "integrity": "sha1-rbw2HZxi3zgBJefxYfccgm8eSQw=",
      "license": "BSD-3-Clause",
      "engines": {
        "node": ">=0.10.0"
      }
    },
    "node_modules/vite": {
      "version": "4.3.8",
      "resolved": "https://globaldevtools.bbva.com/artifactory/api/npm/gcp-global-npm-repository/vite/-/vite-4.3.8.tgz",
      "integrity": "sha1-cM1qKUq1LX+4839bxj0RfdGemRg=",
      "dev": true,
      "license": "MIT",
      "dependencies": {
        "esbuild": "^0.17.5",
        "postcss": "^8.4.23",
        "rollup": "^3.21.0"
      },
      "bin": {
        "vite": "bin/vite.js"
      },
      "engines": {
        "node": "^14.18.0 || >=16.0.0"
      },
      "optionalDependencies": {
        "fsevents": "~2.3.2"
      },
      "peerDependencies": {
        "@types/node": ">= 14",
        "less": "*",
        "sass": "*",
        "stylus": "*",
        "sugarss": "*",
        "terser": "^5.4.0"
      },
      "peerDependenciesMeta": {
        "@types/node": {
          "optional": true
        },
        "less": {
          "optional": true
        },
        "sass": {
          "optional": true
        },
        "stylus": {
          "optional": true
        },
        "sugarss": {
          "optional": true
        },
        "terser": {
          "optional": true
        }
      }
    },
    "node_modules/vue": {
      "version": "3.3.4",
      "resolved": "https://globaldevtools.bbva.com/artifactory/api/npm/gcp-global-npm-repository/vue/-/vue-3.3.4.tgz",
      "integrity": "sha1-jtlF04c2Z98dD887JGOtoCj4i9Y=",
      "license": "MIT",
      "dependencies": {
        "@vue/compiler-dom": "3.3.4",
        "@vue/compiler-sfc": "3.3.4",
        "@vue/runtime-dom": "3.3.4",
        "@vue/server-renderer": "3.3.4",
        "@vue/shared": "3.3.4"
      }
    },
    "node_modules/vue-router": {
      "version": "4.2.1",
      "resolved": "https://globaldevtools.bbva.com/artifactory/api/npm/gcp-global-npm-repository/vue-router/-/vue-router-4.2.1.tgz",
      "integrity": "sha1-+KuFyJ50aCytcVGUgP3yuFXoyeA=",
      "license": "MIT",
      "dependencies": {
        "@vue/devtools-api": "^6.5.0"
      },
      "funding": {
        "url": "https://github.com/sponsors/posva"
      },
      "peerDependencies": {
        "vue": "^3.2.0"
      }
    }
  },
  "dependencies": {
    "@babel/parser": {
      "version": "7.21.8",
      "resolved": "https://globaldevtools.bbva.com/artifactory/api/npm/gcp-global-npm-repository/@babel/parser/-/parser-7.21.8.tgz",
      "integrity": "sha1-ZCr30DM+q5wK1wsUrF522957/fg="
    },
    "@esbuild/android-arm": {
      "version": "0.17.19",
      "resolved": "https://globaldevtools.bbva.com/artifactory/api/npm/gcp-global-npm-repository/@esbuild/android-arm/-/android-arm-0.17.19.tgz",
      "integrity": "sha1-WJj3gywimLx9CrU3AcV763TXi00=",
      "dev": true,
      "optional": true
    },
    "@esbuild/android-arm64": {
      "version": "0.17.19",
      "resolved": "https://globaldevtools.bbva.com/artifactory/api/npm/gcp-global-npm-repository/@esbuild/android-arm64/-/android-arm64-0.17.19.tgz",
      "integrity": "sha1-uvt1I0pdPRtpDnwpVqWZNF6Eov0=",
      "dev": true,
      "optional": true
    },
    "@esbuild/android-x64": {
      "version": "0.17.19",
      "resolved": "https://globaldevtools.bbva.com/artifactory/api/npm/gcp-global-npm-repository/@esbuild/android-x64/-/android-x64-0.17.19.tgz",
      "integrity": "sha1-ZYNo75IGeGbZX7JocZ+Y82PROuE=",
      "dev": true,
      "optional": true
    },
    "@esbuild/darwin-arm64": {
      "version": "0.17.19",
      "resolved": "https://globaldevtools.bbva.com/artifactory/api/npm/gcp-global-npm-repository/@esbuild/darwin-arm64/-/darwin-arm64-0.17.19.tgz",
      "integrity": "sha1-WEw0xZkbldTUjTMzALGk4v974nY=",
      "dev": true,
      "optional": true
    },
    "@esbuild/darwin-x64": {
      "version": "0.17.19",
      "resolved": "https://globaldevtools.bbva.com/artifactory/api/npm/gcp-global-npm-repository/@esbuild/darwin-x64/-/darwin-x64-0.17.19.tgz",
      "integrity": "sha1-d1HSNt/mzhNszjQ9zmn1LXa39ss=",
      "dev": true,
      "optional": true
    },
    "@esbuild/freebsd-arm64": {
      "version": "0.17.19",
      "resolved": "https://globaldevtools.bbva.com/artifactory/api/npm/gcp-global-npm-repository/@esbuild/freebsd-arm64/-/freebsd-arm64-0.17.19.tgz",
      "integrity": "sha1-ys0XFmXdHVAPRcFn1QxrflOdX9I=",
      "dev": true,
      "optional": true
    },
    "@esbuild/freebsd-x64": {
      "version": "0.17.19",
      "resolved": "https://globaldevtools.bbva.com/artifactory/api/npm/gcp-global-npm-repository/@esbuild/freebsd-x64/-/freebsd-x64-0.17.19.tgz",
      "integrity": "sha1-B2lFbu4qCLjZJdfAC3noYcsxYuQ=",
      "dev": true,
      "optional": true
    },
    "@esbuild/linux-arm": {
      "version": "0.17.19",
      "resolved": "https://globaldevtools.bbva.com/artifactory/api/npm/gcp-global-npm-repository/@esbuild/linux-arm/-/linux-arm-0.17.19.tgz",
      "integrity": "sha1-GizTmcUAQBhKgFF0ptiQl9nRVZo=",
      "dev": true,
      "optional": true
    },
    "@esbuild/linux-arm64": {
      "version": "0.17.19",
      "resolved": "https://globaldevtools.bbva.com/artifactory/api/npm/gcp-global-npm-repository/@esbuild/linux-arm64/-/linux-arm64-0.17.19.tgz",
      "integrity": "sha1-OOFi7Lcjhixr4cJ9Y4n0iWC2jts=",
      "dev": true,
      "optional": true
    },
    "@esbuild/linux-ia32": {
      "version": "0.17.19",
      "resolved": "https://globaldevtools.bbva.com/artifactory/api/npm/gcp-global-npm-repository/@esbuild/linux-ia32/-/linux-ia32-0.17.19.tgz",
      "integrity": "sha1-4owlJmsDbOHKvKPDAVUiKEHcA1o=",
      "dev": true,
      "optional": true
    },
    "@esbuild/linux-loong64": {
      "version": "0.17.19",
      "resolved": "https://globaldevtools.bbva.com/artifactory/api/npm/gcp-global-npm-repository/@esbuild/linux-loong64/-/linux-loong64-0.17.19.tgz",
      "integrity": "sha1-D4h7i7P5BljRoBFyg+VdvUydz3I=",
      "dev": true,
      "optional": true
    },
    "@esbuild/linux-mips64el": {
      "version": "0.17.19",
      "resolved": "https://globaldevtools.bbva.com/artifactory/api/npm/gcp-global-npm-repository/@esbuild/linux-mips64el/-/linux-mips64el-0.17.19.tgz",
      "integrity": "sha1-9dKguAR+qaXZ9ZKheOoFQFOnAok=",
      "dev": true,
      "optional": true
    },
    "@esbuild/linux-ppc64": {
      "version": "0.17.19",
      "resolved": "https://globaldevtools.bbva.com/artifactory/api/npm/gcp-global-npm-repository/@esbuild/linux-ppc64/-/linux-ppc64-0.17.19.tgz",
      "integrity": "sha1-h2WQ46y9n6f1eix9hvg3F9u6yMc=",
      "dev": true,
      "optional": true
    },
    "@esbuild/linux-riscv64": {
      "version": "0.17.19",
      "resolved": "https://globaldevtools.bbva.com/artifactory/api/npm/gcp-global-npm-repository/@esbuild/linux-riscv64/-/linux-riscv64-0.17.19.tgz",
      "integrity": "sha1-f0k3PfRjzZ9B3DT5siYtdxaIvwk=",
      "dev": true,
      "optional": true
    },
    "@esbuild/linux-s390x": {
      "version": "0.17.19",
      "resolved": "https://globaldevtools.bbva.com/artifactory/api/npm/gcp-global-npm-repository/@esbuild/linux-s390x/-/linux-s390x-0.17.19.tgz",
      "integrity": "sha1-4q/Rr8r2Ov4sfZzqzSjsV8d/iCk=",
      "dev": true,
      "optional": true
    },
    "@esbuild/linux-x64": {
      "version": "0.17.19",
      "resolved": "https://globaldevtools.bbva.com/artifactory/api/npm/gcp-global-npm-repository/@esbuild/linux-x64/-/linux-x64-0.17.19.tgz",
      "integrity": "sha1-ig6XOLFjXwxTOJ5RWug4Jt7CKqQ=",
      "dev": true,
      "optional": true
    },
    "@esbuild/netbsd-x64": {
      "version": "0.17.19",
      "resolved": "https://globaldevtools.bbva.com/artifactory/api/npm/gcp-global-npm-repository/@esbuild/netbsd-x64/-/netbsd-x64-0.17.19.tgz",
      "integrity": "sha1-wp+yRTxrfd75o14sGLN72hrlxGI=",
      "dev": true,
      "optional": true
    },
    "@esbuild/openbsd-x64": {
      "version": "0.17.19",
      "resolved": "https://globaldevtools.bbva.com/artifactory/api/npm/gcp-global-npm-repository/@esbuild/openbsd-x64/-/openbsd-x64-0.17.19.tgz",
      "integrity": "sha1-ledaORQDyxApcoDVJNZs4EySBpE=",
      "dev": true,
      "optional": true
    },
    "@esbuild/sunos-x64": {
      "version": "0.17.19",
      "resolved": "https://globaldevtools.bbva.com/artifactory/api/npm/gcp-global-npm-repository/@esbuild/sunos-x64/-/sunos-x64-0.17.19.tgz",
      "integrity": "sha1-ci6vBXuDwldZN9P/5a6xZUDacnM=",
      "dev": true,
      "optional": true
    },
    "@esbuild/win32-arm64": {
      "version": "0.17.19",
      "resolved": "https://globaldevtools.bbva.com/artifactory/api/npm/gcp-global-npm-repository/@esbuild/win32-arm64/-/win32-arm64-0.17.19.tgz",
      "integrity": "sha1-mqncB0OZKIvc3Sg0Q+mutrlVK28=",
      "dev": true,
      "optional": true
    },
    "@esbuild/win32-ia32": {
      "version": "0.17.19",
      "resolved": "https://globaldevtools.bbva.com/artifactory/api/npm/gcp-global-npm-repository/@esbuild/win32-ia32/-/win32-ia32-0.17.19.tgz",
      "integrity": "sha1-la1DxirWJIXiEPYpnHslceSNKwM=",
      "dev": true,
      "optional": true
    },
    "@esbuild/win32-x64": {
      "version": "0.17.19",
      "resolved": "https://globaldevtools.bbva.com/artifactory/api/npm/gcp-global-npm-repository/@esbuild/win32-x64/-/win32-x64-0.17.19.tgz",
      "integrity": "sha1-jPry/2A+mqu5EOnAVYwmzzJ0QGE=",
      "dev": true,
      "optional": true
    },
    "@jridgewell/sourcemap-codec": {
      "version": "1.4.15",
      "resolved": "https://globaldevtools.bbva.com/artifactory/api/npm/gcp-global-npm-repository/@jridgewell/sourcemap-codec/-/sourcemap-codec-1.4.15.tgz",
      "integrity": "sha1-18bmdVx4VnqVHgSrUu8P0m3lnzI="
    },
    "@vitejs/plugin-vue": {
      "version": "4.2.3",
      "resolved": "https://globaldevtools.bbva.com/artifactory/api/npm/gcp-global-npm-repository/@vitejs/plugin-vue/-/plugin-vue-4.2.3.tgz",
      "integrity": "sha1-7gtt/MYv5lNk5jlb84+iuhC7RLY=",
      "dev": true,
      "requires": {}
    },
    "@vue/compiler-core": {
      "version": "3.3.4",
      "resolved": "https://globaldevtools.bbva.com/artifactory/api/npm/gcp-global-npm-repository/@vue/compiler-core/-/compiler-core-3.3.4.tgz",
      "integrity": "sha1-f79ZHBwZ4azSj/0oRSbpi09YESg=",
      "requires": {
        "@babel/parser": "^7.21.3",
        "@vue/shared": "3.3.4",
        "estree-walker": "^2.0.2",
        "source-map-js": "^1.0.2"
      }
    },
    "@vue/compiler-dom": {
      "version": "3.3.4",
      "resolved": "https://globaldevtools.bbva.com/artifactory/api/npm/gcp-global-npm-repository/@vue/compiler-dom/-/compiler-dom-3.3.4.tgz",
      "integrity": "sha1-9W4JtfTX3DUPmBeE3pcT2CM0EVE=",
      "requires": {
        "@vue/compiler-core": "3.3.4",
        "@vue/shared": "3.3.4"
      }
    },
    "@vue/compiler-sfc": {
      "version": "3.3.4",
      "resolved": "https://globaldevtools.bbva.com/artifactory/api/npm/gcp-global-npm-repository/@vue/compiler-sfc/-/compiler-sfc-3.3.4.tgz",
      "integrity": "sha1-sZ2ULHGTiJNTW0YibWAnIFkwAd8=",
      "requires": {
        "@babel/parser": "^7.20.15",
        "@vue/compiler-core": "3.3.4",
        "@vue/compiler-dom": "3.3.4",
        "@vue/compiler-ssr": "3.3.4",
        "@vue/reactivity-transform": "3.3.4",
        "@vue/shared": "3.3.4",
        "estree-walker": "^2.0.2",
        "magic-string": "^0.30.0",
        "postcss": "^8.1.10",
        "source-map-js": "^1.0.2"
      }
    },
    "@vue/compiler-ssr": {
      "version": "3.3.4",
      "resolved": "https://globaldevtools.bbva.com/artifactory/api/npm/gcp-global-npm-repository/@vue/compiler-ssr/-/compiler-ssr-3.3.4.tgz",
      "integrity": "sha1-nRN5q/+k8rDNhEF0zuxKlyETh3c=",
      "requires": {
        "@vue/compiler-dom": "3.3.4",
        "@vue/shared": "3.3.4"
      }
    },
    "@vue/devtools-api": {
      "version": "6.5.0",
      "resolved": "https://globaldevtools.bbva.com/artifactory/api/npm/gcp-global-npm-repository/@vue/devtools-api/-/devtools-api-6.5.0.tgz",
      "integrity": "sha1-mLmUJe3ucLTJkmkmKPoeosHlfQc="
    },
    "@vue/reactivity": {
      "version": "3.3.4",
      "resolved": "https://globaldevtools.bbva.com/artifactory/api/npm/gcp-global-npm-repository/@vue/reactivity/-/reactivity-3.3.4.tgz",
      "integrity": "sha1-onopxs0X+rpaDpn7uG7pUWU+IlM=",
      "requires": {
        "@vue/shared": "3.3.4"
      }
    },
    "@vue/reactivity-transform": {
      "version": "3.3.4",
      "resolved": "https://globaldevtools.bbva.com/artifactory/api/npm/gcp-global-npm-repository/@vue/reactivity-transform/-/reactivity-transform-3.3.4.tgz",
      "integrity": "sha1-UpCEduNNamXGwhzSci1B7YrlGSk=",
      "requires": {
        "@babel/parser": "^7.20.15",
        "@vue/compiler-core": "3.3.4",
        "@vue/shared": "3.3.4",
        "estree-walker": "^2.0.2",
        "magic-string": "^0.30.0"
      }
    },
    "@vue/runtime-core": {
      "version": "3.3.4",
      "resolved": "https://globaldevtools.bbva.com/artifactory/api/npm/gcp-global-npm-repository/@vue/runtime-core/-/runtime-core-3.3.4.tgz",
      "integrity": "sha1-S7M4cru1g3IbNA8wiIiDlBlZZ9E=",
      "requires": {
        "@vue/reactivity": "3.3.4",
        "@vue/shared": "3.3.4"
      }
    },
    "@vue/runtime-dom": {
      "version": "3.3.4",
      "resolved": "https://globaldevtools.bbva.com/artifactory/api/npm/gcp-global-npm-repository/@vue/runtime-dom/-/runtime-dom-3.3.4.tgz",
      "integrity": "sha1-mS8ledDtbOlh9Hu+m/5LZ5ElFWY=",
      "requires": {
        "@vue/runtime-core": "3.3.4",
        "@vue/shared": "3.3.4",
        "csstype": "^3.1.1"
      }
    },
    "@vue/server-renderer": {
      "version": "3.3.4",
      "resolved": "https://globaldevtools.bbva.com/artifactory/api/npm/gcp-global-npm-repository/@vue/server-renderer/-/server-renderer-3.3.4.tgz",
      "integrity": "sha1-6kZZS3ldFTbym8WS3Q9mVffqTEw=",
      "requires": {
        "@vue/compiler-ssr": "3.3.4",
        "@vue/shared": "3.3.4"
      }
    },
    "@vue/shared": {
      "version": "3.3.4",
      "resolved": "https://globaldevtools.bbva.com/artifactory/api/npm/gcp-global-npm-repository/@vue/shared/-/shared-3.3.4.tgz",
      "integrity": "sha1-Bug8UCf0ZO74YcMpvoFFS8i3B4A="
    },
    "csstype": {
      "version": "3.1.2",
      "resolved": "https://globaldevtools.bbva.com/artifactory/api/npm/gcp-global-npm-repository/csstype/-/csstype-3.1.2.tgz",
      "integrity": "sha1-HUv51XLxHBQDHwQ24cELwfVx9Qs="
    },
    "esbuild": {
      "version": "0.17.19",
      "resolved": "https://globaldevtools.bbva.com/artifactory/api/npm/gcp-global-npm-repository/esbuild/-/esbuild-0.17.19.tgz",
      "integrity": "sha1-CHpyfpgpnwRio9C83ZzX/xAL2VU=",
      "dev": true,
      "requires": {
        "@esbuild/android-arm": "0.17.19",
        "@esbuild/android-arm64": "0.17.19",
        "@esbuild/android-x64": "0.17.19",
        "@esbuild/darwin-arm64": "0.17.19",
        "@esbuild/darwin-x64": "0.17.19",
        "@esbuild/freebsd-arm64": "0.17.19",
        "@esbuild/freebsd-x64": "0.17.19",
        "@esbuild/linux-arm": "0.17.19",
        "@esbuild/linux-arm64": "0.17.19",
        "@esbuild/linux-ia32": "0.17.19",
        "@esbuild/linux-loong64": "0.17.19",
        "@esbuild/linux-mips64el": "0.17.19",
        "@esbuild/linux-ppc64": "0.17.19",
        "@esbuild/linux-riscv64": "0.17.19",
        "@esbuild/linux-s390x": "0.17.19",
        "@esbuild/linux-x64": "0.17.19",
        "@esbuild/netbsd-x64": "0.17.19",
        "@esbuild/openbsd-x64": "0.17.19",
        "@esbuild/sunos-x64": "0.17.19",
        "@esbuild/win32-arm64": "0.17.19",
        "@esbuild/win32-ia32": "0.17.19",
        "@esbuild/win32-x64": "0.17.19"
      }
    },
    "estree-walker": {
      "version": "2.0.2",
      "resolved": "https://globaldevtools.bbva.com/artifactory/api/npm/gcp-global-npm-repository/estree-walker/-/estree-walker-2.0.2.tgz",
      "integrity": "sha1-UvAQF4wqTBF6d1fP6UKtt9LaTKw="
    },
    "fsevents": {
      "version": "2.3.2",
      "resolved": "https://globaldevtools.bbva.com/artifactory/api/npm/gcp-global-npm-repository/fsevents/-/fsevents-2.3.2.tgz",
      "integrity": "sha1-ilJveLj99GI7cJ4Ll1xSwkwC/Ro=",
      "dev": true,
      "optional": true
    },
    "magic-string": {
      "version": "0.30.0",
      "resolved": "https://globaldevtools.bbva.com/artifactory/api/npm/gcp-global-npm-repository/magic-string/-/magic-string-0.30.0.tgz",
      "integrity": "sha1-/VikdIxcRUczikJOkPpd0X9N5Sk=",
      "requires": {
        "@jridgewell/sourcemap-codec": "^1.4.13"
      }
    },
    "nanoid": {
      "version": "3.3.6",
      "resolved": "https://globaldevtools.bbva.com/artifactory/api/npm/gcp-global-npm-repository/nanoid/-/nanoid-3.3.6.tgz",
      "integrity": "sha1-RDOAyFbW6fmCQmfZYLQjatWD6kw="
    },
    "picocolors": {
      "version": "1.0.0",
      "resolved": "https://globaldevtools.bbva.com/artifactory/api/npm/gcp-global-npm-repository/picocolors/-/picocolors-1.0.0.tgz",
      "integrity": "sha1-y1vcdP8/UYkiNur3nWi8RFZKuBw="
    },
    "postcss": {
      "version": "8.4.23",
      "resolved": "https://globaldevtools.bbva.com/artifactory/api/npm/gcp-global-npm-repository/postcss/-/postcss-8.4.23.tgz",
      "integrity": "sha1-3wrumsfF5T4QdcJKNhNJb55lUqs=",
      "requires": {
        "nanoid": "^3.3.6",
        "picocolors": "^1.0.0",
        "source-map-js": "^1.0.2"
      }
    },
    "rollup": {
      "version": "3.22.0",
      "resolved": "https://globaldevtools.bbva.com/artifactory/api/npm/gcp-global-npm-repository/rollup/-/rollup-3.22.0.tgz",
      "integrity": "sha1-5mcbrr3UcxVKx5mLvFf6q817uiA=",
      "dev": true,
      "requires": {
        "fsevents": "~2.3.2"
      }
    },
    "source-map-js": {
      "version": "1.0.2",
      "resolved": "https://globaldevtools.bbva.com/artifactory/api/npm/gcp-global-npm-repository/source-map-js/-/source-map-js-1.0.2.tgz",
      "integrity": "sha1-rbw2HZxi3zgBJefxYfccgm8eSQw="
    },
    "vite": {
      "version": "4.3.8",
      "resolved": "https://globaldevtools.bbva.com/artifactory/api/npm/gcp-global-npm-repository/vite/-/vite-4.3.8.tgz",
      "integrity": "sha1-cM1qKUq1LX+4839bxj0RfdGemRg=",
      "dev": true,
      "requires": {
        "esbuild": "^0.17.5",
        "fsevents": "~2.3.2",
        "postcss": "^8.4.23",
        "rollup": "^3.21.0"
      }
    },
    "vue": {
      "version": "3.3.4",
      "resolved": "https://globaldevtools.bbva.com/artifactory/api/npm/gcp-global-npm-repository/vue/-/vue-3.3.4.tgz",
      "integrity": "sha1-jtlF04c2Z98dD887JGOtoCj4i9Y=",
      "requires": {
        "@vue/compiler-dom": "3.3.4",
        "@vue/compiler-sfc": "3.3.4",
        "@vue/runtime-dom": "3.3.4",
        "@vue/server-renderer": "3.3.4",
        "@vue/shared": "3.3.4"
      }
    },
    "vue-router": {
      "version": "4.2.1",
      "resolved": "https://globaldevtools.bbva.com/artifactory/api/npm/gcp-global-npm-repository/vue-router/-/vue-router-4.2.1.tgz",
      "integrity": "sha1-+KuFyJ50aCytcVGUgP3yuFXoyeA=",
      "requires": {
        "@vue/devtools-api": "^6.5.0"
      }
    }
  }
}
